
Microsoft Visual Studio Solution File, Format Version 12.00
# Visual Studio Version 17
VisualStudioVersion = 17.10.35013.160
MinimumVisualStudioVersion = 10.0.40219.1
Project("{FAE04EC0-301F-11D3-BF4B-00C04F79EFBC}") = "SnowFlaCKes___Yup_Again", "SnowFlaCKes___Yup_Again.csproj", "{EBEF0BC2-371D-46A9-86CB-06D25926BB9E}"
EndProject
Global
	GlobalSection(SolutionConfigurationPlatforms) = preSolution
		Debug|Any CPU = Debug|Any CPU
		Release|Any CPU = Release|Any CPU
	EndGlobalSection
	GlobalSection(ProjectConfigurationPlatforms) = postSolution
		{EBEF0BC2-371D-46A9-86CB-06D25926BB9E}.Debug|Any CPU.ActiveCfg = Debug|Any CPU
		{EBEF0BC2-371D-46A9-86CB-06D25926BB9E}.Debug|Any CPU.Build.0 = Debug|Any CPU
		{EBEF0BC2-371D-46A9-86CB-06D25926BB9E}.Release|Any CPU.ActiveCfg = Release|Any CPU
		{EBEF0BC2-371D-46A9-86CB-06D25926BB9E}.Release|Any CPU.Build.0 = Release|Any CPU
	EndGlobalSection
	GlobalSection(SolutionProperties) = preSolution
		HideSolutionNode = FALSE
	EndGlobalSection
	GlobalSection(ExtensibilityGlobals) = postSolution
		SolutionGuid = {D60FFD91-D7AF-4882-902E-29CB5EC63469}
	EndGlobalSection
EndGlobal
